
Microsoft Visual Studio Solution File, Format Version 12.00
# Visual Studio Version 16
VisualStudioVersion = 16.0.30611.23
MinimumVisualStudioVersion = 10.0.40219.1
Project("{8BC9CEB8-8B4A-11D0-8D11-00A0C91BC942}") = "pacman_project", "ConsoleApplication8.vcxproj", "{B5A97CC7-76EC-46D3-B0AF-ED57567D5715}"
EndProject
Global
	GlobalSection(SolutionConfigurationPlatforms) = preSolution
		Debug|x64 = Debug|x64
		Debug|x86 = Debug|x86
		Release|x64 = Release|x64
		Release|x86 = Release|x86
	EndGlobalSection
	GlobalSection(ProjectConfigurationPlatforms) = postSolution
		{B5A97CC7-76EC-46D3-B0AF-ED57567D5715}.Debug|x64.ActiveCfg = Debug|x64
		{B5A97CC7-76EC-46D3-B0AF-ED57567D5715}.Debug|x64.Build.0 = Debug|x64
		{B5A97CC7-76EC-46D3-B0AF-ED57567D5715}.Debug|x86.ActiveCfg = Debug|Win32
		{B5A97CC7-76EC-46D3-B0AF-ED57567D5715}.Debug|x86.Build.0 = Debug|Win32
		{B5A97CC7-76EC-46D3-B0AF-ED57567D5715}.Release|x64.ActiveCfg = Release|x64
		{B5A97CC7-76EC-46D3-B0AF-ED57567D5715}.Release|x64.Build.0 = Release|x64
		{B5A97CC7-76EC-46D3-B0AF-ED57567D5715}.Release|x86.ActiveCfg = Release|Win32
		{B5A97CC7-76EC-46D3-B0AF-ED57567D5715}.Release|x86.Build.0 = Release|Win32
	EndGlobalSection
	GlobalSection(SolutionProperties) = preSolution
		HideSolutionNode = FALSE
	EndGlobalSection
	GlobalSection(ExtensibilityGlobals) = postSolution
		SolutionGuid = {3CCD4AA4-1FF9-489E-AEE9-60E80F90DA4D}
	EndGlobalSection
EndGlobal
